PODS:
  - SliderUnityFramework (0.0.1)

DEPENDENCIES:
  - SliderUnityFramework (from `/Users/kjoshi/Documents/Projects/CICD_POC/SliderUnityFramework`)

EXTERNAL SOURCES:
  SliderUnityFramework:
    :path: "/Users/kjoshi/Documents/Projects/CICD_POC/SliderUnityFramework"

SPEC CHECKSUMS:
  SliderUnityFramework: 5f212cdbaf03528a394d025d5d8ae877dff797a2

PODFILE CHECKSUM: ff62fc69ace1bcbc456ec04cfa86bf6e06ecd039

COCOAPODS: 1.15.2
